
Microsoft Visual Studio Solution File, Format Version 12.00
# Visual Studio Version 17
VisualStudioVersion = 17.5.33530.505
MinimumVisualStudioVersion = 10.0.40219.1
Project("{FAE04EC0-301F-11D3-BF4B-00C04F79EFBC}") = "Calculator", "Calculator.csproj", "{AC49D848-542E-4432-925F-C2725AB8C0AD}"
EndProject
Global
	GlobalSection(SolutionConfigurationPlatforms) = preSolution
		Debug|Any CPU = Debug|Any CPU
		Release|Any CPU = Release|Any CPU
	EndGlobalSection
	GlobalSection(ProjectConfigurationPlatforms) = postSolution
		{AC49D848-542E-4432-925F-C2725AB8C0AD}.Debug|Any CPU.ActiveCfg = Debug|Any CPU
		{AC49D848-542E-4432-925F-C2725AB8C0AD}.Debug|Any CPU.Build.0 = Debug|Any CPU
		{AC49D848-542E-4432-925F-C2725AB8C0AD}.Release|Any CPU.ActiveCfg = Release|Any CPU
		{AC49D848-542E-4432-925F-C2725AB8C0AD}.Release|Any CPU.Build.0 = Release|Any CPU
	EndGlobalSection
	GlobalSection(SolutionProperties) = preSolution
		HideSolutionNode = FALSE
	EndGlobalSection
	GlobalSection(ExtensibilityGlobals) = postSolution
		SolutionGuid = {54F50C23-5D13-44DD-BFE9-7041F509160B}
	EndGlobalSection
EndGlobal
